
Microsoft Visual Studio Solution File, Format Version 12.00
Project("{FAE04EC0-301F-11D3-BF4B-00C04F79EFBC}") = "Customer.Web.Api", "Customer.Web.Api\Customer.Web.Api.csproj", "{B865CDE0-49BB-4A60-B8ED-851D97B39C41}"
EndProject
Project("{FAE04EC0-301F-11D3-BF4B-00C04F79EFBC}") = "Customer.Infrastructure", "Customer.Infrastructure\Customer.Infrastructure.csproj", "{D3CAF6FA-540D-4D54-8F3F-5DF6055CFC7B}"
EndProject
Project("{FAE04EC0-301F-11D3-BF4B-00C04F79EFBC}") = "Customer.Domain", "Customer.Domain\Customer.Domain.csproj", "{73A16F2E-824C-44EF-B73B-47B7ECB761CF}"
EndProject
Project("{2150E333-8FDC-42A3-9474-1A3956D46DE8}") = "tests", "tests", "{7B5ECDC8-DCB0-41D8-B460-14280F0D2882}"
EndProject
Project("{FAE04EC0-301F-11D3-BF4B-00C04F79EFBC}") = "Application.IntegrationTests", "Application.IntegrationTests\Application.IntegrationTests.csproj", "{F1A6656F-A0F5-4FC0-A4F3-ADBC5C292D07}"
EndProject
Project("{2150E333-8FDC-42A3-9474-1A3956D46DE8}") = "src", "src", "{02289273-3CC3-4C00-89ED-9951B16119BA}"
EndProject
Project("{FAE04EC0-301F-11D3-BF4B-00C04F79EFBC}") = "Customer.Web.Shared", "Customer.Web.Shared\Customer.Web.Shared.csproj", "{49C4663B-18A0-4EBB-B5B8-D4C02D7975E2}"
EndProject
Project("{FAE04EC0-301F-11D3-BF4B-00C04F79EFBC}") = "Customer.Web.MinimalApi", "Customer.Web.MinimalApi\Customer.Web.MinimalApi.csproj", "{0A676867-6A41-498B-8901-7716EF638C61}"
EndProject
Project("{FAE04EC0-301F-11D3-BF4B-00C04F79EFBC}") = "Customer.Web.VerticalApi", "Customer.Web.VerticalApi\Customer.Web.VerticalApi.csproj", "{69CB69D0-D101-433D-9F1F-B7C3FF2DCCCE}"
EndProject
Global
	GlobalSection(SolutionConfigurationPlatforms) = preSolution
		Debug|Any CPU = Debug|Any CPU
		Release|Any CPU = Release|Any CPU
	EndGlobalSection
	GlobalSection(ProjectConfigurationPlatforms) = postSolution
		{B865CDE0-49BB-4A60-B8ED-851D97B39C41}.Debug|Any CPU.ActiveCfg = Debug|Any CPU
		{B865CDE0-49BB-4A60-B8ED-851D97B39C41}.Debug|Any CPU.Build.0 = Debug|Any CPU
		{B865CDE0-49BB-4A60-B8ED-851D97B39C41}.Release|Any CPU.ActiveCfg = Release|Any CPU
		{B865CDE0-49BB-4A60-B8ED-851D97B39C41}.Release|Any CPU.Build.0 = Release|Any CPU
		{D3CAF6FA-540D-4D54-8F3F-5DF6055CFC7B}.Debug|Any CPU.ActiveCfg = Debug|Any CPU
		{D3CAF6FA-540D-4D54-8F3F-5DF6055CFC7B}.Debug|Any CPU.Build.0 = Debug|Any CPU
		{D3CAF6FA-540D-4D54-8F3F-5DF6055CFC7B}.Release|Any CPU.ActiveCfg = Release|Any CPU
		{D3CAF6FA-540D-4D54-8F3F-5DF6055CFC7B}.Release|Any CPU.Build.0 = Release|Any CPU
		{73A16F2E-824C-44EF-B73B-47B7ECB761CF}.Debug|Any CPU.ActiveCfg = Debug|Any CPU
		{73A16F2E-824C-44EF-B73B-47B7ECB761CF}.Debug|Any CPU.Build.0 = Debug|Any CPU
		{73A16F2E-824C-44EF-B73B-47B7ECB761CF}.Release|Any CPU.ActiveCfg = Release|Any CPU
		{73A16F2E-824C-44EF-B73B-47B7ECB761CF}.Release|Any CPU.Build.0 = Release|Any CPU
		{F1A6656F-A0F5-4FC0-A4F3-ADBC5C292D07}.Debug|Any CPU.ActiveCfg = Debug|Any CPU
		{F1A6656F-A0F5-4FC0-A4F3-ADBC5C292D07}.Debug|Any CPU.Build.0 = Debug|Any CPU
		{F1A6656F-A0F5-4FC0-A4F3-ADBC5C292D07}.Release|Any CPU.ActiveCfg = Release|Any CPU
		{F1A6656F-A0F5-4FC0-A4F3-ADBC5C292D07}.Release|Any CPU.Build.0 = Release|Any CPU
		{49C4663B-18A0-4EBB-B5B8-D4C02D7975E2}.Debug|Any CPU.ActiveCfg = Debug|Any CPU
		{49C4663B-18A0-4EBB-B5B8-D4C02D7975E2}.Debug|Any CPU.Build.0 = Debug|Any CPU
		{49C4663B-18A0-4EBB-B5B8-D4C02D7975E2}.Release|Any CPU.ActiveCfg = Release|Any CPU
		{49C4663B-18A0-4EBB-B5B8-D4C02D7975E2}.Release|Any CPU.Build.0 = Release|Any CPU
		{0A676867-6A41-498B-8901-7716EF638C61}.Debug|Any CPU.ActiveCfg = Debug|Any CPU
		{0A676867-6A41-498B-8901-7716EF638C61}.Debug|Any CPU.Build.0 = Debug|Any CPU
		{0A676867-6A41-498B-8901-7716EF638C61}.Release|Any CPU.ActiveCfg = Release|Any CPU
		{0A676867-6A41-498B-8901-7716EF638C61}.Release|Any CPU.Build.0 = Release|Any CPU
		{69CB69D0-D101-433D-9F1F-B7C3FF2DCCCE}.Debug|Any CPU.ActiveCfg = Debug|Any CPU
		{69CB69D0-D101-433D-9F1F-B7C3FF2DCCCE}.Debug|Any CPU.Build.0 = Debug|Any CPU
		{69CB69D0-D101-433D-9F1F-B7C3FF2DCCCE}.Release|Any CPU.ActiveCfg = Release|Any CPU
		{69CB69D0-D101-433D-9F1F-B7C3FF2DCCCE}.Release|Any CPU.Build.0 = Release|Any CPU
	EndGlobalSection
	GlobalSection(NestedProjects) = preSolution
		{F1A6656F-A0F5-4FC0-A4F3-ADBC5C292D07} = {7B5ECDC8-DCB0-41D8-B460-14280F0D2882}
		{73A16F2E-824C-44EF-B73B-47B7ECB761CF} = {02289273-3CC3-4C00-89ED-9951B16119BA}
		{D3CAF6FA-540D-4D54-8F3F-5DF6055CFC7B} = {02289273-3CC3-4C00-89ED-9951B16119BA}
		{B865CDE0-49BB-4A60-B8ED-851D97B39C41} = {02289273-3CC3-4C00-89ED-9951B16119BA}
		{49C4663B-18A0-4EBB-B5B8-D4C02D7975E2} = {02289273-3CC3-4C00-89ED-9951B16119BA}
		{0A676867-6A41-498B-8901-7716EF638C61} = {02289273-3CC3-4C00-89ED-9951B16119BA}
		{69CB69D0-D101-433D-9F1F-B7C3FF2DCCCE} = {02289273-3CC3-4C00-89ED-9951B16119BA}
	EndGlobalSection
EndGlobal
